Microsoft Visual Studio Solution File, Format Version 12.00
# Visual Studio Version 17
VisualStudioVersion = 17.5.2.0
MinimumVisualStudioVersion = 10.0.40219.1
Global
	GlobalSection(SolutionConfigurationPlatforms) = preSolution
		Debug|Any CPU = Debug|Any CPU
		Release|Any CPU = Release|Any CPU
	EndGlobalSection
	GlobalSection(ProjectConfigurationPlatforms) = postSolution
		{8FC280C5-3891-C357-4FA6-48BACE63219D}.Debug|Any CPU.ActiveCfg = Debug|Any CPU
		{8FC280C5-3891-C357-4FA6-48BACE63219D}.Debug|Any CPU.Build.0 = Debug|Any CPU
		{8FC280C5-3891-C357-4FA6-48BACE63219D}.Release|Any CPU.ActiveCfg = Release|Any CPU
		{8FC280C5-3891-C357-4FA6-48BACE63219D}.Release|Any CPU.Build.0 = Release|Any CPU
		{A0ABF203-1407-4831-79A3-F3ACD98CC8FE}.Debug|Any CPU.ActiveCfg = Debug|Any CPU
		{A0ABF203-1407-4831-79A3-F3ACD98CC8FE}.Debug|Any CPU.Build.0 = Debug|Any CPU
		{A0ABF203-1407-4831-79A3-F3ACD98CC8FE}.Release|Any CPU.ActiveCfg = Release|Any CPU
		{A0ABF203-1407-4831-79A3-F3ACD98CC8FE}.Release|Any CPU.Build.0 = Release|Any CPU
		{B18B853C-E566-41ED-03B2-DA36846BDA88}.Debug|Any CPU.ActiveCfg = Debug|Any CPU
		{B18B853C-E566-41ED-03B2-DA36846BDA88}.Debug|Any CPU.Build.0 = Debug|Any CPU
		{B18B853C-E566-41ED-03B2-DA36846BDA88}.Release|Any CPU.ActiveCfg = Release|Any CPU
		{B18B853C-E566-41ED-03B2-DA36846BDA88}.Release|Any CPU.Build.0 = Release|Any CPU
		{51EBABA2-FA7A-9C36-9756-9C27D814203D}.Debug|Any CPU.ActiveCfg = Debug|Any CPU
		{51EBABA2-FA7A-9C36-9756-9C27D814203D}.Debug|Any CPU.Build.0 = Debug|Any CPU
		{51EBABA2-FA7A-9C36-9756-9C27D814203D}.Release|Any CPU.ActiveCfg = Release|Any CPU
		{51EBABA2-FA7A-9C36-9756-9C27D814203D}.Release|Any CPU.Build.0 = Release|Any CPU
		{173504E3-E39A-4E95-F0A3-6986A258936E}.Debug|Any CPU.ActiveCfg = Debug|Any CPU
		{173504E3-E39A-4E95-F0A3-6986A258936E}.Debug|Any CPU.Build.0 = Debug|Any CPU
		{173504E3-E39A-4E95-F0A3-6986A258936E}.Release|Any CPU.ActiveCfg = Release|Any CPU
		{173504E3-E39A-4E95-F0A3-6986A258936E}.Release|Any CPU.Build.0 = Release|Any CPU
		{59651432-777F-2618-6211-1AC70A6B1314}.Debug|Any CPU.ActiveCfg = Debug|Any CPU
		{59651432-777F-2618-6211-1AC70A6B1314}.Debug|Any CPU.Build.0 = Debug|Any CPU
		{59651432-777F-2618-6211-1AC70A6B1314}.Release|Any CPU.ActiveCfg = Release|Any CPU
		{59651432-777F-2618-6211-1AC70A6B1314}.Release|Any CPU.Build.0 = Release|Any CPU
		{4AC323B4-9F55-6F62-54CB-35841BC20073}.Debug|Any CPU.ActiveCfg = Debug|Any CPU
		{4AC323B4-9F55-6F62-54CB-35841BC20073}.Debug|Any CPU.Build.0 = Debug|Any CPU
		{4AC323B4-9F55-6F62-54CB-35841BC20073}.Release|Any CPU.ActiveCfg = Release|Any CPU
		{4AC323B4-9F55-6F62-54CB-35841BC20073}.Release|Any CPU.Build.0 = Release|Any CPU
	EndGlobalSection
	GlobalSection(SolutionProperties) = preSolution
		HideSolutionNode = FALSE
	EndGlobalSection
	GlobalSection(NestedProjects) = preSolution
		{D81D7DCB-A7D4-CC66-08B4-9999ED778115} = {043C5643-8786-2C14-4347-0E27D1FB2DA7}
		{8FC280C5-3891-C357-4FA6-48BACE63219D} = {D81D7DCB-A7D4-CC66-08B4-9999ED778115}
		{A0ABF203-1407-4831-79A3-F3ACD98CC8FE} = {D81D7DCB-A7D4-CC66-08B4-9999ED778115}
		{23C20C13-2D74-0E66-DF21-CCC7B85828C9} = {043C5643-8786-2C14-4347-0E27D1FB2DA7}
		{B18B853C-E566-41ED-03B2-DA36846BDA88} = {23C20C13-2D74-0E66-DF21-CCC7B85828C9}
		{51EBABA2-FA7A-9C36-9756-9C27D814203D} = {23C20C13-2D74-0E66-DF21-CCC7B85828C9}
		{173504E3-E39A-4E95-F0A3-6986A258936E} = {23C20C13-2D74-0E66-DF21-CCC7B85828C9}
		{59651432-777F-2618-6211-1AC70A6B1314} = {23C20C13-2D74-0E66-DF21-CCC7B85828C9}
		{6206173C-873D-BC35-68F9-545915921B20} = {043C5643-8786-2C14-4347-0E27D1FB2DA7}
		{8F4BD291-C1A9-E77B-AB02-699EBE92F2C2} = {6206173C-873D-BC35-68F9-545915921B20}
		{4AC323B4-9F55-6F62-54CB-35841BC20073} = {8F4BD291-C1A9-E77B-AB02-699EBE92F2C2}
	EndGlobalSection
	GlobalSection(ExtensibilityGlobals) = postSolution
		SolutionGuid = {8ADFD365-BD0E-42C2-BAC3-B946109101D8}
	EndGlobalSection
EndGlobal
