
Microsoft Visual Studio Solution File, Format Version 12.00
# Visual Studio Version 17
VisualStudioVersion = 17.13.35919.96 d17.13
MinimumVisualStudioVersion = 10.0.40219.1
Project("{8BC9CEB8-8B4A-11D0-8D11-00A0C91BC942}") = "NameSpace", "NameSpace\NameSpace.vcxproj", "{DAA093A9-C0B0-405D-B6BE-EE8BCD2270CB}"
EndProject
Global
	GlobalSection(SolutionConfigurationPlatforms) = preSolution
		Debug|x64 = Debug|x64
		Debug|x86 = Debug|x86
		Release|x64 = Release|x64
		Release|x86 = Release|x86
	EndGlobalSection
	GlobalSection(ProjectConfigurationPlatforms) = postSolution
		{DAA093A9-C0B0-405D-B6BE-EE8BCD2270CB}.Debug|x64.ActiveCfg = Debug|x64
		{DAA093A9-C0B0-405D-B6BE-EE8BCD2270CB}.Debug|x64.Build.0 = Debug|x64
		{DAA093A9-C0B0-405D-B6BE-EE8BCD2270CB}.Debug|x86.ActiveCfg = Debug|Win32
		{DAA093A9-C0B0-405D-B6BE-EE8BCD2270CB}.Debug|x86.Build.0 = Debug|Win32
		{DAA093A9-C0B0-405D-B6BE-EE8BCD2270CB}.Release|x64.ActiveCfg = Release|x64
		{DAA093A9-C0B0-405D-B6BE-EE8BCD2270CB}.Release|x64.Build.0 = Release|x64
		{DAA093A9-C0B0-405D-B6BE-EE8BCD2270CB}.Release|x86.ActiveCfg = Release|Win32
		{DAA093A9-C0B0-405D-B6BE-EE8BCD2270CB}.Release|x86.Build.0 = Release|Win32
	EndGlobalSection
	GlobalSection(SolutionProperties) = preSolution
		HideSolutionNode = FALSE
	EndGlobalSection
	GlobalSection(ExtensibilityGlobals) = postSolution
		SolutionGuid = {BB09D96D-1BE1-4A8B-B54C-8249793C9563}
	EndGlobalSection
EndGlobal
